{
  "name": "ol-ext",
  "version": "1.1.2",
  "lockfileVersion": 1,
  "requires": true,
  "dependencies": {
    "adler32cs": {
      "version": "0.0.1",
      "resolved": "https://registry.npmjs.org/adler32cs/-/adler32cs-0.0.1.tgz",
      "integrity": "sha1-ninNgIdWTXBVIJztEgaljSLneOs="
    },
    "ajax": {
      "version": "0.0.4",
      "resolved": "https://registry.npmjs.org/ajax/-/ajax-0.0.4.tgz",
      "integrity": "sha1-tvTOi9WQ9fS6Lc/eEd54nyCfJCM=",
      "requires": {
        "underscore": "1.8.3"
      }
    },
    "cf-blob.js": {
      "version": "0.0.1",
      "resolved": "https://registry.npmjs.org/cf-blob.js/-/cf-blob.js-0.0.1.tgz",
      "integrity": "sha1-9at+EueYyvCMz4KMaaug8GPYP5k="
    },
    "file-saver": {
      "version": "1.3.3",
      "resolved": "https://registry.npmjs.org/file-saver/-/file-saver-1.3.3.tgz",
      "integrity": "sha1-zdTETTqiZOrC9o7BZbx5HDSvEjI="
    },
    "ieee754": {
      "version": "1.1.8",
      "resolved": "https://registry.npmjs.org/ieee754/-/ieee754-1.1.8.tgz",
      "integrity": "sha1-vjPUCsEO8ZJnAfbwii2G+/0a0+Q="
    },
    "jquery": {
      "version": "3.2.1",
      "resolved": "https://registry.npmjs.org/jquery/-/jquery-3.2.1.tgz",
      "integrity": "sha1-XE2d5lKvbNCncBVKYxu6ErAVx4c="
    },
    "jspdf": {
      "version": "1.3.5",
      "resolved": "https://registry.npmjs.org/jspdf/-/jspdf-1.3.5.tgz",
      "integrity": "sha512-g5xVq2XzDNcKyP67j1QPXpDjHeUz56vHD6Kg/bKR7SCX2/p1BusU4txV9hvY2EkmX1JqfQ9d96890/4u85kWaw==",
      "requires": {
        "adler32cs": "0.0.1",
        "cf-blob.js": "0.0.1",
        "file-saver": "1.3.3"
      }
    },
    "ol": {
      "version": "4.6.4",
      "resolved": "https://registry.npmjs.org/ol/-/ol-4.6.4.tgz",
      "integrity": "sha512-9Eo0auMLU7dyCbMFfNKbyVqWH0JrfyLGrP9/jywisdGX/cqjFKtgiENFGr8wZAUzkVDNWdnKcrrIZsLMbnd68Q==",
      "requires": {
        "pbf": "3.1.0",
        "pixelworks": "1.1.0",
        "rbush": "2.0.1"
      }
    },
    "ol-ext": {
      "version": "1.1.2",
      "resolved": "https://registry.npmjs.org/ol-ext/-/ol-ext-1.1.2.tgz",
      "integrity": "sha1-TroQZ1RpoZtQGfb7yOQG7ODl8rQ="
    },
    "ol-ext-ol-webpack-example": {
      "version": "git+https://github.com/darkscript/ol-ol-ext-webpack-example.git#6ac3ed3a23f593762aa8b01c234155203fe8c873",
      "requires": {
        "ol": "4.6.4",
        "ol-ext": "1.1.2"
      }
    },
    "pbf": {
      "version": "3.1.0",
      "resolved": "https://registry.npmjs.org/pbf/-/pbf-3.1.0.tgz",
      "integrity": "sha512-/hYJmIsTmh7fMkHAWWXJ5b8IKLWdjdlAFb3IHkRBn1XUhIYBChVGfVwmHEAV3UfXTxsP/AKfYTXTS/dCPxJd5w==",
      "requires": {
        "ieee754": "1.1.8",
        "resolve-protobuf-schema": "2.0.0"
      }
    },
    "pixelworks": {
      "version": "1.1.0",
      "resolved": "https://registry.npmjs.org/pixelworks/-/pixelworks-1.1.0.tgz",
      "integrity": "sha1-Hwla1I3Ki/ihyCWOAJIDGkTyLKU="
    },
    "protocol-buffers-schema": {
      "version": "2.2.0",
      "resolved": "https://registry.npmjs.org/protocol-buffers-schema/-/protocol-buffers-schema-2.2.0.tgz",
      "integrity": "sha1-0pxs1z+2VZePtpiWkRgNuEQRn2E="
    },
    "quickselect": {
      "version": "1.0.1",
      "resolved": "https://registry.npmjs.org/quickselect/-/quickselect-1.0.1.tgz",
      "integrity": "sha512-Jt30UQSzTbxf6L2bFTMabHtGtYUzQcvOY0a+s5brm8tzndV/XWifBIH9v5QKtH5gGCZ5RRDwRhdhGMDVHAEGNQ=="
    },
    "rbush": {
      "version": "2.0.1",
      "resolved": "https://registry.npmjs.org/rbush/-/rbush-2.0.1.tgz",
      "integrity": "sha1-TPrKKMMGS8DudUMaG3mZDode76k=",
      "requires": {
        "quickselect": "1.0.1"
      }
    },
    "resolve-protobuf-schema": {
      "version": "2.0.0",
      "resolved": "https://registry.npmjs.org/resolve-protobuf-schema/-/resolve-protobuf-schema-2.0.0.tgz",
      "integrity": "sha1-5nsGKmfwLRG9aIbnDv2niEB+D7Q=",
      "requires": {
        "protocol-buffers-schema": "2.2.0"
      }
    },
    "underscore": {
      "version": "1.8.3",
      "resolved": "https://registry.npmjs.org/underscore/-/underscore-1.8.3.tgz",
      "integrity": "sha1-Tz+1OxBuYJf8+ctBCfKl6b36UCI="
    }
  }
}
